Microsoft Visual Studio Solution File, Format Version 12.00
# Visual Studio Version 17
VisualStudioVersion = 17.0.31903.59
MinimumVisualStudioVersion = 10.0.40219.1
Project("{2150E333-8FDC-42A3-9474-1A3956D46DE8}") = "src", "src", "{9A5BBA34-29F0-4625-9332-AD1442FCA63D}"
	ProjectSection(SolutionItems) = preProject
		src\Readme.md = src\Readme.md
	EndProjectSection
EndProject
Project("{2150E333-8FDC-42A3-9474-1A3956D46DE8}") = "bridge-sdk", "bridge-sdk", "{81BFF445-1E07-41B4-8D50-1A39364F8951}"
	ProjectSection(SolutionItems) = preProject
		src\bridge-sdk\Readme.md = src\bridge-sdk\Readme.md
	EndProjectSection
EndProject
Project("{FAE04EC0-301F-11D3-BF4B-00C04F79EFBC}") = "Common", "src\bridge-sdk\Common\Common.csproj", "{35B02C56-8C52-4E04-B4EC-1C9628D00471}"
EndProject
Project("{2150E333-8FDC-42A3-9474-1A3956D46DE8}") = "Radix", "Radix", "{F76C2858-D7EE-4B00-A9A9-57C51BA667C8}"
	ProjectSection(SolutionItems) = preProject
		src\bridge-sdk\Radix\Readme.md = src\bridge-sdk\Radix\Readme.md
	EndProjectSection
EndProject
Project("{FAE04EC0-301F-11D3-BF4B-00C04F79EFBC}") = "RadixBridge", "src\bridge-sdk\Radix\RadixBridge\RadixBridge.csproj", "{67B8DD9C-8591-4D74-BBDD-51C057F80A48}"
EndProject
Project("{FAE04EC0-301F-11D3-BF4B-00C04F79EFBC}") = "RadixBridgeTest", "src\bridge-sdk\Radix\RadixBridgeTest\RadixBridgeTest.csproj", "{EFB99676-E6F8-40A2-8DE2-0E6F9E4B4C8E}"
EndProject
Project("{2150E333-8FDC-42A3-9474-1A3956D46DE8}") = "Solana", "Solana", "{C423374B-9998-49A4-88CC-DCB3058BAC7C}"
	ProjectSection(SolutionItems) = preProject
		src\bridge-sdk\Solana\Readme.md = src\bridge-sdk\Solana\Readme.md
	EndProjectSection
EndProject
Project("{FAE04EC0-301F-11D3-BF4B-00C04F79EFBC}") = "SolanaBridge", "src\bridge-sdk\Solana\SolanaBridge\SolanaBridge.csproj", "{8EE45BB3-186F-4D2C-B76B-1E17827B3D08}"
EndProject
Project("{FAE04EC0-301F-11D3-BF4B-00C04F79EFBC}") = "SolanaBridgeTest", "src\bridge-sdk\Solana\SolanaBridgeTest\SolanaBridgeTest.csproj", "{C5F86A1F-7529-4152-9B86-59D950DFE84C}"
EndProject
Project("{2150E333-8FDC-42A3-9474-1A3956D46DE8}") = "api", "api", "{323298E3-ED33-4DD1-B4C9-1EFA3F89A7BA}"
	ProjectSection(SolutionItems) = preProject
		src\api\Readme.md = src\api\Readme.md
	EndProjectSection
EndProject
Project("{FAE04EC0-301F-11D3-BF4B-00C04F79EFBC}") = "API", "src\api\API\API.csproj", "{A6D70CEF-D1D0-451E-929F-CB0D76A42A85}"
EndProject
Project("{FAE04EC0-301F-11D3-BF4B-00C04F79EFBC}") = "Domain", "src\api\Domain\Domain.csproj", "{E43EC0D1-B6F6-46D4-B741-1289FCD77CF3}"
EndProject
Project("{FAE04EC0-301F-11D3-BF4B-00C04F79EFBC}") = "Infrastructure", "src\api\Infrastructure\Infrastructure.csproj", "{5C33B2EC-D090-49BE-B094-D8D5CD862EAD}"
EndProject
Project("{FAE04EC0-301F-11D3-BF4B-00C04F79EFBC}") = "Application", "src\api\Application\Application.csproj", "{AD7FC63D-EDB1-4508-9E1A-7329D61B9B4E}"
EndProject
Global
	GlobalSection(SolutionConfigurationPlatforms) = preSolution
		Debug|Any CPU = Debug|Any CPU
		Release|Any CPU = Release|Any CPU
	EndGlobalSection
	GlobalSection(SolutionProperties) = preSolution
		HideSolutionNode = FALSE
	EndGlobalSection
	GlobalSection(ProjectConfigurationPlatforms) = postSolution
		{39C428D5-D8FB-4467-9841-8EDBAF91DD50}.Debug|Any CPU.ActiveCfg = Debug|Any CPU
		{39C428D5-D8FB-4467-9841-8EDBAF91DD50}.Debug|Any CPU.Build.0 = Debug|Any CPU
		{39C428D5-D8FB-4467-9841-8EDBAF91DD50}.Release|Any CPU.ActiveCfg = Release|Any CPU
		{39C428D5-D8FB-4467-9841-8EDBAF91DD50}.Release|Any CPU.Build.0 = Release|Any CPU
		{C57F1F4A-0F0D-4C09-9492-F77F330797AF}.Debug|Any CPU.ActiveCfg = Debug|Any CPU
		{C57F1F4A-0F0D-4C09-9492-F77F330797AF}.Debug|Any CPU.Build.0 = Debug|Any CPU
		{C57F1F4A-0F0D-4C09-9492-F77F330797AF}.Release|Any CPU.ActiveCfg = Release|Any CPU
		{C57F1F4A-0F0D-4C09-9492-F77F330797AF}.Release|Any CPU.Build.0 = Release|Any CPU
		{18CD6227-2B16-4923-B9D7-4878D8BBDE03}.Debug|Any CPU.ActiveCfg = Debug|Any CPU
		{18CD6227-2B16-4923-B9D7-4878D8BBDE03}.Debug|Any CPU.Build.0 = Debug|Any CPU
		{18CD6227-2B16-4923-B9D7-4878D8BBDE03}.Release|Any CPU.ActiveCfg = Release|Any CPU
		{18CD6227-2B16-4923-B9D7-4878D8BBDE03}.Release|Any CPU.Build.0 = Release|Any CPU
		{423E7041-BACD-4C78-8B3D-DB1F9EA22256}.Debug|Any CPU.ActiveCfg = Debug|Any CPU
		{423E7041-BACD-4C78-8B3D-DB1F9EA22256}.Debug|Any CPU.Build.0 = Debug|Any CPU
		{423E7041-BACD-4C78-8B3D-DB1F9EA22256}.Release|Any CPU.ActiveCfg = Release|Any CPU
		{423E7041-BACD-4C78-8B3D-DB1F9EA22256}.Release|Any CPU.Build.0 = Release|Any CPU
		{E6C5CFC2-16E4-4C98-82C4-8E475D062106}.Debug|Any CPU.ActiveCfg = Debug|Any CPU
		{E6C5CFC2-16E4-4C98-82C4-8E475D062106}.Debug|Any CPU.Build.0 = Debug|Any CPU
		{E6C5CFC2-16E4-4C98-82C4-8E475D062106}.Release|Any CPU.ActiveCfg = Release|Any CPU
		{E6C5CFC2-16E4-4C98-82C4-8E475D062106}.Release|Any CPU.Build.0 = Release|Any CPU
		{0B3392F3-E883-4B82-9810-608A1ACAFB8F}.Debug|Any CPU.ActiveCfg = Debug|Any CPU
		{0B3392F3-E883-4B82-9810-608A1ACAFB8F}.Debug|Any CPU.Build.0 = Debug|Any CPU
		{0B3392F3-E883-4B82-9810-608A1ACAFB8F}.Release|Any CPU.ActiveCfg = Release|Any CPU
		{0B3392F3-E883-4B82-9810-608A1ACAFB8F}.Release|Any CPU.Build.0 = Release|Any CPU
		{35B02C56-8C52-4E04-B4EC-1C9628D00471}.Debug|Any CPU.ActiveCfg = Debug|Any CPU
		{35B02C56-8C52-4E04-B4EC-1C9628D00471}.Debug|Any CPU.Build.0 = Debug|Any CPU
		{35B02C56-8C52-4E04-B4EC-1C9628D00471}.Release|Any CPU.ActiveCfg = Release|Any CPU
		{35B02C56-8C52-4E04-B4EC-1C9628D00471}.Release|Any CPU.Build.0 = Release|Any CPU
		{67B8DD9C-8591-4D74-BBDD-51C057F80A48}.Debug|Any CPU.ActiveCfg = Debug|Any CPU
		{67B8DD9C-8591-4D74-BBDD-51C057F80A48}.Debug|Any CPU.Build.0 = Debug|Any CPU
		{67B8DD9C-8591-4D74-BBDD-51C057F80A48}.Release|Any CPU.ActiveCfg = Release|Any CPU
		{67B8DD9C-8591-4D74-BBDD-51C057F80A48}.Release|Any CPU.Build.0 = Release|Any CPU
		{EFB99676-E6F8-40A2-8DE2-0E6F9E4B4C8E}.Debug|Any CPU.ActiveCfg = Debug|Any CPU
		{EFB99676-E6F8-40A2-8DE2-0E6F9E4B4C8E}.Debug|Any CPU.Build.0 = Debug|Any CPU
		{EFB99676-E6F8-40A2-8DE2-0E6F9E4B4C8E}.Release|Any CPU.ActiveCfg = Release|Any CPU
		{EFB99676-E6F8-40A2-8DE2-0E6F9E4B4C8E}.Release|Any CPU.Build.0 = Release|Any CPU
		{8EE45BB3-186F-4D2C-B76B-1E17827B3D08}.Debug|Any CPU.ActiveCfg = Debug|Any CPU
		{8EE45BB3-186F-4D2C-B76B-1E17827B3D08}.Debug|Any CPU.Build.0 = Debug|Any CPU
		{8EE45BB3-186F-4D2C-B76B-1E17827B3D08}.Release|Any CPU.ActiveCfg = Release|Any CPU
		{8EE45BB3-186F-4D2C-B76B-1E17827B3D08}.Release|Any CPU.Build.0 = Release|Any CPU
		{C5F86A1F-7529-4152-9B86-59D950DFE84C}.Debug|Any CPU.ActiveCfg = Debug|Any CPU
		{C5F86A1F-7529-4152-9B86-59D950DFE84C}.Debug|Any CPU.Build.0 = Debug|Any CPU
		{C5F86A1F-7529-4152-9B86-59D950DFE84C}.Release|Any CPU.ActiveCfg = Release|Any CPU
		{C5F86A1F-7529-4152-9B86-59D950DFE84C}.Release|Any CPU.Build.0 = Release|Any CPU
		{A6D70CEF-D1D0-451E-929F-CB0D76A42A85}.Debug|Any CPU.ActiveCfg = Debug|Any CPU
		{A6D70CEF-D1D0-451E-929F-CB0D76A42A85}.Debug|Any CPU.Build.0 = Debug|Any CPU
		{A6D70CEF-D1D0-451E-929F-CB0D76A42A85}.Release|Any CPU.ActiveCfg = Release|Any CPU
		{A6D70CEF-D1D0-451E-929F-CB0D76A42A85}.Release|Any CPU.Build.0 = Release|Any CPU
		{E43EC0D1-B6F6-46D4-B741-1289FCD77CF3}.Debug|Any CPU.ActiveCfg = Debug|Any CPU
		{E43EC0D1-B6F6-46D4-B741-1289FCD77CF3}.Debug|Any CPU.Build.0 = Debug|Any CPU
		{E43EC0D1-B6F6-46D4-B741-1289FCD77CF3}.Release|Any CPU.ActiveCfg = Release|Any CPU
		{E43EC0D1-B6F6-46D4-B741-1289FCD77CF3}.Release|Any CPU.Build.0 = Release|Any CPU
		{5C33B2EC-D090-49BE-B094-D8D5CD862EAD}.Debug|Any CPU.ActiveCfg = Debug|Any CPU
		{5C33B2EC-D090-49BE-B094-D8D5CD862EAD}.Debug|Any CPU.Build.0 = Debug|Any CPU
		{5C33B2EC-D090-49BE-B094-D8D5CD862EAD}.Release|Any CPU.ActiveCfg = Release|Any CPU
		{5C33B2EC-D090-49BE-B094-D8D5CD862EAD}.Release|Any CPU.Build.0 = Release|Any CPU
		{AD7FC63D-EDB1-4508-9E1A-7329D61B9B4E}.Debug|Any CPU.ActiveCfg = Debug|Any CPU
		{AD7FC63D-EDB1-4508-9E1A-7329D61B9B4E}.Debug|Any CPU.Build.0 = Debug|Any CPU
		{AD7FC63D-EDB1-4508-9E1A-7329D61B9B4E}.Release|Any CPU.ActiveCfg = Release|Any CPU
		{AD7FC63D-EDB1-4508-9E1A-7329D61B9B4E}.Release|Any CPU.Build.0 = Release|Any CPU
	EndGlobalSection
	GlobalSection(NestedProjects) = preSolution
		{C57F1F4A-0F0D-4C09-9492-F77F330797AF} = {2312304B-1310-4565-BEE6-F91DB16AD98D}
		{18CD6227-2B16-4923-B9D7-4878D8BBDE03} = {2312304B-1310-4565-BEE6-F91DB16AD98D}
		{423E7041-BACD-4C78-8B3D-DB1F9EA22256} = {5936BD76-9832-479B-8142-5952BD5C0F6F}
		{E6C5CFC2-16E4-4C98-82C4-8E475D062106} = {5936BD76-9832-479B-8142-5952BD5C0F6F}
		{81BFF445-1E07-41B4-8D50-1A39364F8951} = {9A5BBA34-29F0-4625-9332-AD1442FCA63D}
		{35B02C56-8C52-4E04-B4EC-1C9628D00471} = {81BFF445-1E07-41B4-8D50-1A39364F8951}
		{F76C2858-D7EE-4B00-A9A9-57C51BA667C8} = {81BFF445-1E07-41B4-8D50-1A39364F8951}
		{67B8DD9C-8591-4D74-BBDD-51C057F80A48} = {F76C2858-D7EE-4B00-A9A9-57C51BA667C8}
		{EFB99676-E6F8-40A2-8DE2-0E6F9E4B4C8E} = {F76C2858-D7EE-4B00-A9A9-57C51BA667C8}
		{C423374B-9998-49A4-88CC-DCB3058BAC7C} = {81BFF445-1E07-41B4-8D50-1A39364F8951}
		{8EE45BB3-186F-4D2C-B76B-1E17827B3D08} = {C423374B-9998-49A4-88CC-DCB3058BAC7C}
		{C5F86A1F-7529-4152-9B86-59D950DFE84C} = {C423374B-9998-49A4-88CC-DCB3058BAC7C}
		{323298E3-ED33-4DD1-B4C9-1EFA3F89A7BA} = {9A5BBA34-29F0-4625-9332-AD1442FCA63D}
		{A6D70CEF-D1D0-451E-929F-CB0D76A42A85} = {323298E3-ED33-4DD1-B4C9-1EFA3F89A7BA}
		{E43EC0D1-B6F6-46D4-B741-1289FCD77CF3} = {323298E3-ED33-4DD1-B4C9-1EFA3F89A7BA}
		{5C33B2EC-D090-49BE-B094-D8D5CD862EAD} = {323298E3-ED33-4DD1-B4C9-1EFA3F89A7BA}
		{AD7FC63D-EDB1-4508-9E1A-7329D61B9B4E} = {323298E3-ED33-4DD1-B4C9-1EFA3F89A7BA}
	EndGlobalSection
EndGlobal
