Microsoft Visual Studio Solution File, Format Version 12.00
# Visual Studio Version 17
VisualStudioVersion = 17.0.31903.59
MinimumVisualStudioVersion = 10.0.40219.1

Project("{FAE04EC0-301F-11D3-BF4B-00C04F79EFBC}") = "Common", "src\Common\Common.csproj", "{39C428D5-D8FB-4467-9841-8EDBAF91DD50}"
EndProject
Project("{2150E333-8FDC-42A3-9474-1A3956D46DE8}") = "Radix", "Radix", "{2312304B-1310-4565-BEE6-F91DB16AD98D}"
EndProject
Project("{FAE04EC0-301F-11D3-BF4B-00C04F79EFBC}") = "RadixBridge", "src\Radix\RadixBridge\RadixBridge.csproj", "{C57F1F4A-0F0D-4C09-9492-F77F330797AF}"
EndProject
Project("{FAE04EC0-301F-11D3-BF4B-00C04F79EFBC}") = "RadixBridgeTest", "src\Radix\RadixBridgeTest\RadixBridgeTest.csproj", "{18CD6227-2B16-4923-B9D7-4878D8BBDE03}"
EndProject
Project("{2150E333-8FDC-42A3-9474-1A3956D46DE8}") = "Solana", "Solana", "{5936BD76-9832-479B-8142-5952BD5C0F6F}"
EndProject
Project("{FAE04EC0-301F-11D3-BF4B-00C04F79EFBC}") = "SolanaBridge", "src\Solana\SolanaBridge\SolanaBridge.csproj", "{423E7041-BACD-4C78-8B3D-DB1F9EA22256}"
EndProject
Project("{FAE04EC0-301F-11D3-BF4B-00C04F79EFBC}") = "SolanaBridgeTest", "src\Solana\SolanaBridgeTest\SolanaBridgeTest.csproj", "{E6C5CFC2-16E4-4C98-82C4-8E475D062106}"
EndProject
Project("{FAE04EC0-301F-11D3-BF4B-00C04F79EFBC}") = "WebAPI", "src\WebAPI\WebAPI.csproj", "{0B3392F3-E883-4B82-9810-608A1ACAFB8F}"
EndProject

Global
	GlobalSection(SolutionConfigurationPlatforms) = preSolution
		Debug|Any CPU = Debug|Any CPU
		Release|Any CPU = Release|Any CPU
	EndGlobalSection
	GlobalSection(SolutionProperties) = preSolution
		HideSolutionNode = FALSE
	EndGlobalSection
	GlobalSection(ProjectConfigurationPlatforms) = postSolution
		{39C428D5-D8FB-4467-9841-8EDBAF91DD50}.Debug|Any CPU.ActiveCfg = Debug|Any CPU
		{39C428D5-D8FB-4467-9841-8EDBAF91DD50}.Debug|Any CPU.Build.0 = Debug|Any CPU
		{39C428D5-D8FB-4467-9841-8EDBAF91DD50}.Release|Any CPU.ActiveCfg = Release|Any CPU
		{39C428D5-D8FB-4467-9841-8EDBAF91DD50}.Release|Any CPU.Build.0 = Release|Any CPU
		{C57F1F4A-0F0D-4C09-9492-F77F330797AF}.Debug|Any CPU.ActiveCfg = Debug|Any CPU
		{C57F1F4A-0F0D-4C09-9492-F77F330797AF}.Debug|Any CPU.Build.0 = Debug|Any CPU
		{C57F1F4A-0F0D-4C09-9492-F77F330797AF}.Release|Any CPU.ActiveCfg = Release|Any CPU
		{C57F1F4A-0F0D-4C09-9492-F77F330797AF}.Release|Any CPU.Build.0 = Release|Any CPU
		{18CD6227-2B16-4923-B9D7-4878D8BBDE03}.Debug|Any CPU.ActiveCfg = Debug|Any CPU
		{18CD6227-2B16-4923-B9D7-4878D8BBDE03}.Debug|Any CPU.Build.0 = Debug|Any CPU
		{18CD6227-2B16-4923-B9D7-4878D8BBDE03}.Release|Any CPU.ActiveCfg = Release|Any CPU
		{18CD6227-2B16-4923-B9D7-4878D8BBDE03}.Release|Any CPU.Build.0 = Release|Any CPU
		{423E7041-BACD-4C78-8B3D-DB1F9EA22256}.Debug|Any CPU.ActiveCfg = Debug|Any CPU
		{423E7041-BACD-4C78-8B3D-DB1F9EA22256}.Debug|Any CPU.Build.0 = Debug|Any CPU
		{423E7041-BACD-4C78-8B3D-DB1F9EA22256}.Release|Any CPU.ActiveCfg = Release|Any CPU
		{423E7041-BACD-4C78-8B3D-DB1F9EA22256}.Release|Any CPU.Build.0 = Release|Any CPU
		{E6C5CFC2-16E4-4C98-82C4-8E475D062106}.Debug|Any CPU.ActiveCfg = Debug|Any CPU
		{E6C5CFC2-16E4-4C98-82C4-8E475D062106}.Debug|Any CPU.Build.0 = Debug|Any CPU
		{E6C5CFC2-16E4-4C98-82C4-8E475D062106}.Release|Any CPU.ActiveCfg = Release|Any CPU
		{E6C5CFC2-16E4-4C98-82C4-8E475D062106}.Release|Any CPU.Build.0 = Release|Any CPU
		{0B3392F3-E883-4B82-9810-608A1ACAFB8F}.Debug|Any CPU.ActiveCfg = Debug|Any CPU
		{0B3392F3-E883-4B82-9810-608A1ACAFB8F}.Debug|Any CPU.Build.0 = Debug|Any CPU
		{0B3392F3-E883-4B82-9810-608A1ACAFB8F}.Release|Any CPU.ActiveCfg = Release|Any CPU
		{0B3392F3-E883-4B82-9810-608A1ACAFB8F}.Release|Any CPU.Build.0 = Release|Any CPU
	EndGlobalSection
	GlobalSection(NestedProjects) = preSolution
		{C57F1F4A-0F0D-4C09-9492-F77F330797AF} = {2312304B-1310-4565-BEE6-F91DB16AD98D}
		{18CD6227-2B16-4923-B9D7-4878D8BBDE03} = {2312304B-1310-4565-BEE6-F91DB16AD98D}
		{423E7041-BACD-4C78-8B3D-DB1F9EA22256} = {5936BD76-9832-479B-8142-5952BD5C0F6F}
		{E6C5CFC2-16E4-4C98-82C4-8E475D062106} = {5936BD76-9832-479B-8142-5952BD5C0F6F}
	EndGlobalSection
EndGlobal
